
Microsoft Visual Studio Solution File, Format Version 12.00
# Visual Studio Version 17
VisualStudioVersion = 17.13.35828.75 d17.13
MinimumVisualStudioVersion = 10.0.40219.1
Project("{FAE04EC0-301F-11D3-BF4B-00C04F79EFBC}") = "Module1", "Module1.csproj", "{37972175-F2CC-453A-99D3-9B9B7F6BC47B}"
EndProject
Global
	GlobalSection(SolutionConfigurationPlatforms) = preSolution
		Debug|Any CPU = Debug|Any CPU
		Release|Any CPU = Release|Any CPU
	EndGlobalSection
	GlobalSection(ProjectConfigurationPlatforms) = postSolution
		{37972175-F2CC-453A-99D3-9B9B7F6BC47B}.Debug|Any CPU.ActiveCfg = Debug|Any CPU
		{37972175-F2CC-453A-99D3-9B9B7F6BC47B}.Debug|Any CPU.Build.0 = Debug|Any CPU
		{37972175-F2CC-453A-99D3-9B9B7F6BC47B}.Release|Any CPU.ActiveCfg = Release|Any CPU
		{37972175-F2CC-453A-99D3-9B9B7F6BC47B}.Release|Any CPU.Build.0 = Release|Any CPU
	EndGlobalSection
	GlobalSection(SolutionProperties) = preSolution
		HideSolutionNode = FALSE
	EndGlobalSection
	GlobalSection(ExtensibilityGlobals) = postSolution
		SolutionGuid = {DC001BCA-21D5-4ECB-A39B-74E830336B87}
	EndGlobalSection
EndGlobal
